<?xml version="1.0" encoding="utf-8"?>
<Project ToolsVersion="4.0" xmlns="http://schemas.microsoft.com/developer/msbuild/2003">
  <ItemGroup>
    <Filter Include="src">
      <UniqueIdentifier>{3ab90046-afe1-4b5a-ab4e-5112766e4138}</UniqueIdentifier>
    </Filter>
    <Filter Include="src\GameObject">
      <UniqueIdentifier>{634c3b0c-4b09-4cc3-a11f-e0f545409cfa}</UniqueIdentifier>
    </Filter>
    <Filter Include="src\GameObject\Powers">
      <UniqueIdentifier>{005bf7d9-d6ff-4b10-ac62-5fea616ef822}</UniqueIdentifier>
    </Filter>
    <Filter Include="src\GameObject\Blocks">
      <UniqueIdentifier>{a6f29d5a-d43c-47e6-b11c-744c915b2ae2}</UniqueIdentifier>
    </Filter>
    <Filter Include="src\Engine">
      <UniqueIdentifier>{8aa7e799-43ef-47c7-bbd1-6a6dee71f77d}</UniqueIdentifier>
    </Filter>
    <Filter Include="src\GameObject\Enemy">
      <UniqueIdentifier>{73656395-2fdf-40c6-91b0-8d76ebeac301}</UniqueIdentifier>
    </Filter>
    <Filter Include="src\GameObject\Enemy\ObjType">
      <UniqueIdentifier>{0462fbe2-5f47-4518-b2cc-8a67afe24938}</UniqueIdentifier>
    </Filter>
  </ItemGroup>
  <ItemGroup>
    <ClCompile Include="src\Main.cpp">
      <Filter>src</Filter>
    </ClCompile>
    <ClCompile Include="src\NN.cpp">
      <Filter>src</Filter>
    </ClCompile>
    <ClCompile Include="src\GameObject\GameObject.cpp">
      <Filter>src\GameObject</Filter>
    </ClCompile>
    <ClCompile Include="src\GameObject\Player.cpp">
      <Filter>src\GameObject</Filter>
    </ClCompile>
    <ClCompile Include="src\GameObject\ParticleSystem.cpp">
      <Filter>src\GameObject</Filter>
    </ClCompile>
    <ClCompile Include="src\GameObject\Powers\Coin.cpp">
      <Filter>src\GameObject\Powers</Filter>
    </ClCompile>
    <ClCompile Include="src\GameObject\Powers\PowerFlower.cpp">
      <Filter>src\GameObject\Powers</Filter>
    </ClCompile>
    <ClCompile Include="src\GameObject\Powers\PowerMushroom.cpp">
      <Filter>src\GameObject\Powers</Filter>
    </ClCompile>
    <ClCompile Include="src\GameObject\Blocks\Block.cpp">
      <Filter>src\GameObject\Blocks</Filter>
    </ClCompile>
    <ClCompile Include="src\GameObject\Blocks\DestroyableBlock.cpp">
      <Filter>src\GameObject\Blocks</Filter>
    </ClCompile>
    <ClCompile Include="src\GameObject\Blocks\PowerBlock.cpp">
      <Filter>src\GameObject\Blocks</Filter>
    </ClCompile>
    <ClCompile Include="src\Engine\Chunk.cpp">
      <Filter>src\Engine</Filter>
    </ClCompile>
    <ClCompile Include="src\Engine\Game.cpp">
      <Filter>src\Engine</Filter>
    </ClCompile>
    <ClCompile Include="src\Engine\ObjectToClone.cpp">
      <Filter>src\Engine</Filter>
    </ClCompile>
    <ClCompile Include="src\GameObject\Blocks\Flag.cpp">
      <Filter>src\GameObject\Blocks</Filter>
    </ClCompile>
    <ClCompile Include="src\GameObject\Blocks\Lava.cpp">
      <Filter>src\GameObject\Blocks</Filter>
    </ClCompile>
    <ClCompile Include="src\Engine\Scene.cpp">
      <Filter>src\Engine</Filter>
    </ClCompile>
    <ClCompile Include="src\Engine\Engine.cpp">
      <Filter>src\Engine</Filter>
    </ClCompile>
    <ClCompile Include="src\Engine\MapEditor.cpp">
      <Filter>src\Engine</Filter>
    </ClCompile>
    <ClCompile Include="src\GameObject\Enemy\Goomba.cpp">
      <Filter>src\GameObject\Enemy</Filter>
    </ClCompile>
    <ClCompile Include="src\GameObject\Enemy\Coopa.cpp">
      <Filter>src\GameObject\Enemy</Filter>
    </ClCompile>
    <ClCompile Include="src\GameObject\Flame.cpp">
      <Filter>src\GameObject</Filter>
    </ClCompile>
    <ClCompile Include="src\Engine\MainMenu.cpp">
      <Filter>src\Engine</Filter>
    </ClCompile>
    <ClCompile Include="src\Engine\GameLearnScene.cpp">
      <Filter>src\Engine</Filter>
    </ClCompile>
  </ItemGroup>
  <ItemGroup>
    <ClInclude Include="src\NN.h">
      <Filter>src</Filter>
    </ClInclude>
    <ClInclude Include="src\GameObject\GameObject.h">
      <Filter>src\GameObject</Filter>
    </ClInclude>
    <ClInclude Include="src\json.hpp">
      <Filter>src</Filter>
    </ClInclude>
    <ClInclude Include="src\GameObject\Player.h">
      <Filter>src\GameObject</Filter>
    </ClInclude>
    <ClInclude Include="src\GameObject\ObjType\Hitable.h">
      <Filter>src\GameObject\Enemy\ObjType</Filter>
    </ClInclude>
    <ClInclude Include="src\GameObject\ObjType\Destoryable.h">
      <Filter>src\GameObject\Enemy\ObjType</Filter>
    </ClInclude>
    <ClInclude Include="src\GameObject\ParticleSystem.h">
      <Filter>src\GameObject</Filter>
    </ClInclude>
    <ClInclude Include="src\GameObject\ObjType\PowerType.h">
      <Filter>src\GameObject\Enemy\ObjType</Filter>
    </ClInclude>
    <ClInclude Include="src\GameObject\Powers\Coin.h">
      <Filter>src\GameObject\Powers</Filter>
    </ClInclude>
    <ClInclude Include="src\GameObject\Powers\PowerFlower.h">
      <Filter>src\GameObject\Powers</Filter>
    </ClInclude>
    <ClInclude Include="src\GameObject\Powers\PowerMushroom.h">
      <Filter>src\GameObject\Powers</Filter>
    </ClInclude>
    <ClInclude Include="src\GameObject\Blocks\Block.h">
      <Filter>src\GameObject\Blocks</Filter>
    </ClInclude>
    <ClInclude Include="src\GameObject\Blocks\DestroyableBlock.h">
      <Filter>src\GameObject\Blocks</Filter>
    </ClInclude>
    <ClInclude Include="src\GameObject\Blocks\Lava.h">
      <Filter>src\GameObject\Blocks</Filter>
    </ClInclude>
    <ClInclude Include="src\GameObject\Blocks\PowerBlock.h">
      <Filter>src\GameObject\Blocks</Filter>
    </ClInclude>
    <ClInclude Include="src\Engine\Chunk.h">
      <Filter>src\Engine</Filter>
    </ClInclude>
    <ClInclude Include="src\Engine\Game.h">
      <Filter>src\Engine</Filter>
    </ClInclude>
    <ClInclude Include="src\Engine\ObjectToClone.h">
      <Filter>src\Engine</Filter>
    </ClInclude>
    <ClInclude Include="src\GameObject\Blocks\Flag.h">
      <Filter>src\GameObject\Blocks</Filter>
    </ClInclude>
    <ClInclude Include="resource.h" />
    <ClInclude Include="src\Engine\Engine.h">
      <Filter>src\Engine</Filter>
    </ClInclude>
    <ClInclude Include="src\Engine\MapEditor.h">
      <Filter>src\Engine</Filter>
    </ClInclude>
    <ClInclude Include="src\GameObject\Enemy\Goomba.h">
      <Filter>src\GameObject\Enemy</Filter>
    </ClInclude>
    <ClInclude Include="src\GameObject\Enemy\Coopa.h">
      <Filter>src\GameObject\Enemy</Filter>
    </ClInclude>
    <ClInclude Include="src\GameObject\Flame.h">
      <Filter>src\GameObject</Filter>
    </ClInclude>
    <ClInclude Include="src\Engine\Scene.h">
      <Filter>src\Engine</Filter>
    </ClInclude>
    <ClInclude Include="src\Engine\MainMenu.h">
      <Filter>src\Engine</Filter>
    </ClInclude>
    <ClInclude Include="src\Engine\GameLearnScene.h">
      <Filter>src\Engine</Filter>
    </ClInclude>
  </ItemGroup>
  <ItemGroup>
    <ResourceCompile Include="MarioAI.rc" />
  </ItemGroup>
  <ItemGroup>
    <None Include="packages.config" />
  </ItemGroup>
</Project>